
Microsoft Visual Studio Solution File, Format Version 12.00
# Visual Studio 15
VisualStudioVersion = 15.0.28307.421
MinimumVisualStudioVersion = 10.0.40219.1
Project("{FAE04EC0-301F-11D3-BF4B-00C04F79EFBC}") = "WebApplication1", "WebApplication1\WebApplication1.csproj", "{48926A60-75B9-418F-B0B8-3814A0B39FD4}"
EndProject
Global
	GlobalSection(SolutionConfigurationPlatforms) = preSolution
		Debug|Any CPU = Debug|Any CPU
		Release|Any CPU = Release|Any CPU
	EndGlobalSection
	GlobalSection(ProjectConfigurationPlatforms) = postSolution
		{48926A60-75B9-418F-B0B8-3814A0B39FD4}.Debug|Any CPU.ActiveCfg = Debug|Any CPU
		{48926A60-75B9-418F-B0B8-3814A0B39FD4}.Debug|Any CPU.Build.0 = Debug|Any CPU
		{48926A60-75B9-418F-B0B8-3814A0B39FD4}.Release|Any CPU.ActiveCfg = Release|Any CPU
		{48926A60-75B9-418F-B0B8-3814A0B39FD4}.Release|Any CPU.Build.0 = Release|Any CPU
	EndGlobalSection
	GlobalSection(SolutionProperties) = preSolution
		HideSolutionNode = FALSE
	EndGlobalSection
	GlobalSection(ExtensibilityGlobals) = postSolution
		SolutionGuid = {FB6D381D-7F2F-4982-9CE4-CA9687C5E35E}
	EndGlobalSection
EndGlobal
